
Microsoft Visual Studio Solution File, Format Version 12.00
# Visual Studio 15
VisualStudioVersion = 15.0.27703.2042
MinimumVisualStudioVersion = 10.0.40219.1
Project("{FAE04EC0-301F-11D3-BF4B-00C04F79EFBC}") = "MineClient", "MineClient\MineClient.csproj", "{49FCE893-CB97-4AC0-B7CE-9F272E49EAA1}"
EndProject
Project("{FAE04EC0-301F-11D3-BF4B-00C04F79EFBC}") = "Minesweeper", "Minesweeper\Minesweeper\Minesweeper.csproj", "{63BD5341-CC49-4042-976B-09EBE54B9A8C}"
EndProject
Global
	GlobalSection(SolutionConfigurationPlatforms) = preSolution
		Debug|Any CPU = Debug|Any CPU
		Release|Any CPU = Release|Any CPU
	EndGlobalSection
	GlobalSection(ProjectConfigurationPlatforms) = postSolution
		{49FCE893-CB97-4AC0-B7CE-9F272E49EAA1}.Debug|Any CPU.ActiveCfg = Debug|Any CPU
		{49FCE893-CB97-4AC0-B7CE-9F272E49EAA1}.Debug|Any CPU.Build.0 = Debug|Any CPU
		{49FCE893-CB97-4AC0-B7CE-9F272E49EAA1}.Release|Any CPU.ActiveCfg = Release|Any CPU
		{49FCE893-CB97-4AC0-B7CE-9F272E49EAA1}.Release|Any CPU.Build.0 = Release|Any CPU
		{63BD5341-CC49-4042-976B-09EBE54B9A8C}.Debug|Any CPU.ActiveCfg = Debug|Any CPU
		{63BD5341-CC49-4042-976B-09EBE54B9A8C}.Debug|Any CPU.Build.0 = Debug|Any CPU
		{63BD5341-CC49-4042-976B-09EBE54B9A8C}.Release|Any CPU.ActiveCfg = Release|Any CPU
		{63BD5341-CC49-4042-976B-09EBE54B9A8C}.Release|Any CPU.Build.0 = Release|Any CPU
	EndGlobalSection
	GlobalSection(SolutionProperties) = preSolution
		HideSolutionNode = FALSE
	EndGlobalSection
	GlobalSection(ExtensibilityGlobals) = postSolution
		SolutionGuid = {5F78CDC8-93C5-4965-A91F-CB4D4E90E9BF}
	EndGlobalSection
EndGlobal
